// !$*UTF8*$!
{
	archiveVersion = 1;
	classes = {
	};
	objectVersion = 50;
	objects = {

/* Begin PBXBuildFile section */
		D0B1567323520B4E00EF5FD1 /* MonthDate WatchKit App.app in Embed Watch Content */ = {isa = PBXBuildFile; fileRef = D0B1567223520B4E00EF5FD1 /* MonthDate WatchKit App.app */; settings = {ATTRIBUTES = (RemoveHeadersOnCopy, ); }; };
		D0B1567923520B4E00EF5FD1 /* Interface.storyboard in Resources */ = {isa = PBXBuildFile; fileRef = D0B1567723520B4E00EF5FD1 /* Interface.storyboard */; };
		D0B1567B23520B4F00EF5FD1 /* Assets.xcassets in Resources */ = {isa = PBXBuildFile; fileRef = D0B1567A23520B4F00EF5FD1 /* Assets.xcassets */; };
		D0B1568223520B4F00EF5FD1 /* MonthDate WatchKit Extension.appex in Embed App Extensions */ = {isa = PBXBuildFile; fileRef = D0B1568123520B4F00EF5FD1 /* MonthDate WatchKit Extension.appex */; settings = {ATTRIBUTES = (RemoveHeadersOnCopy, ); }; };
		D0B1568723520B4F00EF5FD1 /* ContentView.swift in Sources */ = {isa = PBXBuildFile; fileRef = D0B1568623520B4F00EF5FD1 /* ContentView.swift */; };
		D0B1568923520B4F00EF5FD1 /* HostingController.swift in Sources */ = {isa = PBXBuildFile; fileRef = D0B1568823520B4F00EF5FD1 /* HostingController.swift */; };
		D0B1568B23520B4F00EF5FD1 /* ExtensionDelegate.swift in Sources */ = {isa = PBXBuildFile; fileRef = D0B1568A23520B4F00EF5FD1 /* ExtensionDelegate.swift */; };
		D0B1568D23520B4F00EF5FD1 /* ComplicationController.swift in Sources */ = {isa = PBXBuildFile; fileRef = D0B1568C23520B4F00EF5FD1 /* ComplicationController.swift */; };
		D0B1568F23520B5000EF5FD1 /* Assets.xcassets in Resources */ = {isa = PBXBuildFile; fileRef = D0B1568E23520B5000EF5FD1 /* Assets.xcassets */; };
		D0B1569223520B5000EF5FD1 /* Preview Assets.xcassets in Resources */ = {isa = PBXBuildFile; fileRef = D0B1569123520B5000EF5FD1 /* Preview Assets.xcassets */; };
		D0B156A42352286200EF5FD1 /* gallery.ckcomplication in Resources */ = {isa = PBXBuildFile; fileRef = D0B156A32352286200EF5FD1 /* gallery.ckcomplication */; };
/* End PBXBuildFile section */

/* Begin PBXContainerItemProxy section */
		D0B1567423520B4E00EF5FD1 /* PBXContainerItemProxy */ = {
			isa = PBXContainerItemProxy;
			containerPortal = D0B1566823520B4E00EF5FD1 /* Project object */;
			proxyType = 1;
			remoteGlobalIDString = D0B1567123520B4E00EF5FD1;
			remoteInfo = "MonthDate WatchKit App";
		};
		D0B1568323520B4F00EF5FD1 /* PBXContainerItemProxy */ = {
			isa = PBXContainerItemProxy;
			containerPortal = D0B1566823520B4E00EF5FD1 /* Project object */;
			proxyType = 1;
			remoteGlobalIDString = D0B1568023520B4F00EF5FD1;
			remoteInfo = "MonthDate WatchKit Extension";
		};
/* End PBXContainerItemProxy section */

/* Begin PBXCopyFilesBuildPhase section */
		D0B1569923520B5000EF5FD1 /* Embed App Extensions */ = {
			isa = PBXCopyFilesBuildPhase;
			buildActionMask = 2147483647;
			dstPath = "";
			dstSubfolderSpec = 13;
			files = (
				D0B1568223520B4F00EF5FD1 /* MonthDate WatchKit Extension.appex in Embed App Extensions */,
			);
			name = "Embed App Extensions";
			runOnlyForDeploymentPostprocessing = 0;
		};
		D0B1569D23520B5000EF5FD1 /* Embed Watch Content */ = {
			isa = PBXCopyFilesBuildPhase;
			buildActionMask = 2147483647;
			dstPath = "$(CONTENTS_FOLDER_PATH)/Watch";
			dstSubfolderSpec = 16;
			files = (
				D0B1567323520B4E00EF5FD1 /* MonthDate WatchKit App.app in Embed Watch Content */,
			);
			name = "Embed Watch Content";
			runOnlyForDeploymentPostprocessing = 0;
		};
/* End PBXCopyFilesBuildPhase section */

/* Begin PBXFileReference section */
		D0B1566E23520B4E00EF5FD1 /* MonthDate.app */ = {isa = PBXFileReference; explicitFileType = wrapper.application; includeInIndex = 0; path = MonthDate.app; sourceTree = BUILT_PRODUCTS_DIR; };
		D0B1567223520B4E00EF5FD1 /* MonthDate WatchKit App.app */ = {isa = PBXFileReference; explicitFileType = wrapper.application; includeInIndex = 0; path = "MonthDate WatchKit App.app"; sourceTree = BUILT_PRODUCTS_DIR; };
		D0B1567823520B4E00EF5FD1 /* Base */ = {isa = PBXFileReference; lastKnownFileType = file.storyboard; name = Base; path = Base.lproj/Interface.storyboard; sourceTree = "<group>"; };
		D0B1567A23520B4F00EF5FD1 /* Assets.xcassets */ = {isa = PBXFileReference; lastKnownFileType = folder.assetcatalog; path = Assets.xcassets; sourceTree = "<group>"; };
		D0B1567C23520B4F00EF5FD1 /* Info.plist */ = {isa = PBXFileReference; lastKnownFileType = text.plist.xml; path = Info.plist; sourceTree = "<group>"; };
		D0B1568123520B4F00EF5FD1 /* MonthDate WatchKit Extension.appex */ = {isa = PBXFileReference; explicitFileType = "wrapper.app-extension"; includeInIndex = 0; path = "MonthDate WatchKit Extension.appex"; sourceTree = BUILT_PRODUCTS_DIR; };
		D0B1568623520B4F00EF5FD1 /* ContentView.swift */ = {isa = PBXFileReference; lastKnownFileType = sourcecode.swift; path = ContentView.swift; sourceTree = "<group>"; };
		D0B1568823520B4F00EF5FD1 /* HostingController.swift */ = {isa = PBXFileReference; lastKnownFileType = sourcecode.swift; path = HostingController.swift; sourceTree = "<group>"; };
		D0B1568A23520B4F00EF5FD1 /* ExtensionDelegate.swift */ = {isa = PBXFileReference; lastKnownFileType = sourcecode.swift; path = ExtensionDelegate.swift; sourceTree = "<group>"; };
		D0B1568C23520B4F00EF5FD1 /* ComplicationController.swift */ = {isa = PBXFileReference; lastKnownFileType = sourcecode.swift; path = ComplicationController.swift; sourceTree = "<group>"; };
		D0B1568E23520B5000EF5FD1 /* Assets.xcassets */ = {isa = PBXFileReference; lastKnownFileType = folder.assetcatalog; path = Assets.xcassets; sourceTree = "<group>"; };
		D0B1569123520B5000EF5FD1 /* Preview Assets.xcassets */ = {isa = PBXFileReference; lastKnownFileType = folder.assetcatalog; path = "Preview Assets.xcassets"; sourceTree = "<group>"; };
		D0B1569323520B5000EF5FD1 /* Info.plist */ = {isa = PBXFileReference; lastKnownFileType = text.plist.xml; path = Info.plist; sourceTree = "<group>"; };
		D0B156A32352286200EF5FD1 /* gallery.ckcomplication */ = {isa = PBXFileReference; lastKnownFileType = folder; path = gallery.ckcomplication; sourceTree = "<group>"; };
/* End PBXFileReference section */

/* Begin PBXFrameworksBuildPhase section */
		D0B1567E23520B4F00EF5FD1 /* Frameworks */ = {
			isa = PBXFrameworksBuildPhase;
			buildActionMask = 2147483647;
			files = (
			);
			runOnlyForDeploymentPostprocessing = 0;
		};
/* End PBXFrameworksBuildPhase section */

/* Begin PBXGroup section */
		D0B1566723520B4E00EF5FD1 = {
			isa = PBXGroup;
			children = (
				D0B1567623520B4E00EF5FD1 /* MonthDate WatchKit App */,
				D0B1568523520B4F00EF5FD1 /* MonthDate WatchKit Extension */,
				D0B1566F23520B4E00EF5FD1 /* Products */,
			);
			sourceTree = "<group>";
		};
		D0B1566F23520B4E00EF5FD1 /* Products */ = {
			isa = PBXGroup;
			children = (
				D0B1566E23520B4E00EF5FD1 /* MonthDate.app */,
				D0B1567223520B4E00EF5FD1 /* MonthDate WatchKit App.app */,
				D0B1568123520B4F00EF5FD1 /* MonthDate WatchKit Extension.appex */,
			);
			name = Products;
			sourceTree = "<group>";
		};
		D0B1567623520B4E00EF5FD1 /* MonthDate WatchKit App */ = {
			isa = PBXGroup;
			children = (
				D0B1567723520B4E00EF5FD1 /* Interface.storyboard */,
				D0B1567A23520B4F00EF5FD1 /* Assets.xcassets */,
				D0B1567C23520B4F00EF5FD1 /* Info.plist */,
			);
			path = "MonthDate WatchKit App";
			sourceTree = "<group>";
		};
		D0B1568523520B4F00EF5FD1 /* MonthDate WatchKit Extension */ = {
			isa = PBXGroup;
			children = (
				D0B156A32352286200EF5FD1 /* gallery.ckcomplication */,
				D0B1568623520B4F00EF5FD1 /* ContentView.swift */,
				D0B1568823520B4F00EF5FD1 /* HostingController.swift */,
				D0B1568A23520B4F00EF5FD1 /* ExtensionDelegate.swift */,
				D0B1568C23520B4F00EF5FD1 /* ComplicationController.swift */,
				D0B1568E23520B5000EF5FD1 /* Assets.xcassets */,
				D0B1569323520B5000EF5FD1 /* Info.plist */,
				D0B1569023520B5000EF5FD1 /* Preview Content */,
			);
			path = "MonthDate WatchKit Extension";
			sourceTree = "<group>";
		};
		D0B1569023520B5000EF5FD1 /* Preview Content */ = {
			isa = PBXGroup;
			children = (
				D0B1569123520B5000EF5FD1 /* Preview Assets.xcassets */,
			);
			path = "Preview Content";
			sourceTree = "<group>";
		};
/* End PBXGroup section */

/* Begin PBXNativeTarget section */
		D0B1566D23520B4E00EF5FD1 /* MonthDate */ = {
			isa = PBXNativeTarget;
			buildConfigurationList = D0B1569E23520B5000EF5FD1 /* Build configuration list for PBXNativeTarget "MonthDate" */;
			buildPhases = (
				D0B1566C23520B4E00EF5FD1 /* Resources */,
				D0B1569D23520B5000EF5FD1 /* Embed Watch Content */,
			);
			buildRules = (
			);
			dependencies = (
				D0B1567523520B4E00EF5FD1 /* PBXTargetDependency */,
			);
			name = MonthDate;
			productName = MonthDate;
			productReference = D0B1566E23520B4E00EF5FD1 /* MonthDate.app */;
			productType = "com.apple.product-type.application.watchapp2-container";
		};
		D0B1567123520B4E00EF5FD1 /* MonthDate WatchKit App */ = {
			isa = PBXNativeTarget;
			buildConfigurationList = D0B1569A23520B5000EF5FD1 /* Build configuration list for PBXNativeTarget "MonthDate WatchKit App" */;
			buildPhases = (
				D0B1567023520B4E00EF5FD1 /* Resources */,
				D0B1569923520B5000EF5FD1 /* Embed App Extensions */,
			);
			buildRules = (
			);
			dependencies = (
				D0B1568423520B4F00EF5FD1 /* PBXTargetDependency */,
			);
			name = "MonthDate WatchKit App";
			productName = "MonthDate WatchKit App";
			productReference = D0B1567223520B4E00EF5FD1 /* MonthDate WatchKit App.app */;
			productType = "com.apple.product-type.application.watchapp2";
		};
		D0B1568023520B4F00EF5FD1 /* MonthDate WatchKit Extension */ = {
			isa = PBXNativeTarget;
			buildConfigurationList = D0B1569623520B5000EF5FD1 /* Build configuration list for PBXNativeTarget "MonthDate WatchKit Extension" */;
			buildPhases = (
				D0B1567D23520B4F00EF5FD1 /* Sources */,
				D0B1567E23520B4F00EF5FD1 /* Frameworks */,
				D0B1567F23520B4F00EF5FD1 /* Resources */,
			);
			buildRules = (
			);
			dependencies = (
			);
			name = "MonthDate WatchKit Extension";
			productName = "MonthDate WatchKit Extension";
			productReference = D0B1568123520B4F00EF5FD1 /* MonthDate WatchKit Extension.appex */;
			productType = "com.apple.product-type.watchkit2-extension";
		};
/* End PBXNativeTarget section */

/* Begin PBXProject section */
		D0B1566823520B4E00EF5FD1 /* Project object */ = {
			isa = PBXProject;
			attributes = {
				LastSwiftUpdateCheck = 1110;
				LastUpgradeCheck = 1110;
				ORGANIZATIONNAME = "Justin Allen";
				TargetAttributes = {
					D0B1566D23520B4E00EF5FD1 = {
						CreatedOnToolsVersion = 11.1;
					};
					D0B1567123520B4E00EF5FD1 = {
						CreatedOnToolsVersion = 11.1;
					};
					D0B1568023520B4F00EF5FD1 = {
						CreatedOnToolsVersion = 11.1;
					};
				};
			};
			buildConfigurationList = D0B1566B23520B4E00EF5FD1 /* Build configuration list for PBXProject "MonthDate" */;
			compatibilityVersion = "Xcode 9.3";
			developmentRegion = en;
			hasScannedForEncodings = 0;
			knownRegions = (
				en,
				Base,
			);
			mainGroup = D0B1566723520B4E00EF5FD1;
			productRefGroup = D0B1566F23520B4E00EF5FD1 /* Products */;
			projectDirPath = "";
			projectRoot = "";
			targets = (
				D0B1566D23520B4E00EF5FD1 /* MonthDate */,
				D0B1567123520B4E00EF5FD1 /* MonthDate WatchKit App */,
				D0B1568023520B4F00EF5FD1 /* MonthDate WatchKit Extension */,
			);
		};
/* End PBXProject section */

/* Begin PBXResourcesBuildPhase section */
		D0B1566C23520B4E00EF5FD1 /* Resources */ = {
			isa = PBXResourcesBuildPhase;
			buildActionMask = 2147483647;
			files = (
			);
			runOnlyForDeploymentPostprocessing = 0;
		};
		D0B1567023520B4E00EF5FD1 /* Resources */ = {
			isa = PBXResourcesBuildPhase;
			buildActionMask = 2147483647;
			files = (
				D0B1567B23520B4F00EF5FD1 /* Assets.xcassets in Resources */,
				D0B1567923520B4E00EF5FD1 /* Interface.storyboard in Resources */,
			);
			runOnlyForDeploymentPostprocessing = 0;
		};
		D0B1567F23520B4F00EF5FD1 /* Resources */ = {
			isa = PBXResourcesBuildPhase;
			buildActionMask = 2147483647;
			files = (
				D0B1569223520B5000EF5FD1 /* Preview Assets.xcassets in Resources */,
				D0B156A42352286200EF5FD1 /* gallery.ckcomplication in Resources */,
				D0B1568F23520B5000EF5FD1 /* Assets.xcassets in Resources */,
			);
			runOnlyForDeploymentPostprocessing = 0;
		};
/* End PBXResourcesBuildPhase section */

/* Begin PBXSourcesBuildPhase section */
		D0B1567D23520B4F00EF5FD1 /* Sources */ = {
			isa = PBXSourcesBuildPhase;
			buildActionMask = 2147483647;
			files = (
				D0B1568923520B4F00EF5FD1 /* HostingController.swift in Sources */,
				D0B1568D23520B4F00EF5FD1 /* ComplicationController.swift in Sources */,
				D0B1568723520B4F00EF5FD1 /* ContentView.swift in Sources */,
				D0B1568B23520B4F00EF5FD1 /* ExtensionDelegate.swift in Sources */,
			);
			runOnlyForDeploymentPostprocessing = 0;
		};
/* End PBXSourcesBuildPhase section */

/* Begin PBXTargetDependency section */
		D0B1567523520B4E00EF5FD1 /* PBXTargetDependency */ = {
			isa = PBXTargetDependency;
			target = D0B1567123520B4E00EF5FD1 /* MonthDate WatchKit App */;
			targetProxy = D0B1567423520B4E00EF5FD1 /* PBXContainerItemProxy */;
		};
		D0B1568423520B4F00EF5FD1 /* PBXTargetDependency */ = {
			isa = PBXTargetDependency;
			target = D0B1568023520B4F00EF5FD1 /* MonthDate WatchKit Extension */;
			targetProxy = D0B1568323520B4F00EF5FD1 /* PBXContainerItemProxy */;
		};
/* End PBXTargetDependency section */

/* Begin PBXVariantGroup section */
		D0B1567723520B4E00EF5FD1 /* Interface.storyboard */ = {
			isa = PBXVariantGroup;
			children = (
				D0B1567823520B4E00EF5FD1 /* Base */,
			);
			name = Interface.storyboard;
			sourceTree = "<group>";
		};
/* End PBXVariantGroup section */

/* Begin XCBuildConfiguration section */
		D0B1569423520B5000EF5FD1 /* Debug */ = {
			isa = XCBuildConfiguration;
			buildSettings = {
				ALWAYS_SEARCH_USER_PATHS = NO;
				CLANG_ANALYZER_NONNULL = YES;
				CLANG_ANALYZER_NUMBER_OBJECT_CONVERSION = YES_AGGRESSIVE;
				CLANG_CXX_LANGUAGE_STANDARD = "gnu++14";
				CLANG_CXX_LIBRARY = "libc++";
				CLANG_ENABLE_MODULES = YES;
				CLANG_ENABLE_OBJC_ARC = YES;
				CLANG_ENABLE_OBJC_WEAK = YES;
				CLANG_WARN_BLOCK_CAPTURE_AUTORELEASING = YES;
				CLANG_WARN_BOOL_CONVERSION = YES;
				CLANG_WARN_COMMA = YES;
				CLANG_WARN_CONSTANT_CONVERSION = YES;
				CLANG_WARN_DEPRECATED_OBJC_IMPLEMENTATIONS = YES;
				CLANG_WARN_DIRECT_OBJC_ISA_USAGE = YES_ERROR;
				CLANG_WARN_DOCUMENTATION_COMMENTS = YES;
				CLANG_WARN_EMPTY_BODY = YES;
				CLANG_WARN_ENUM_CONVERSION = YES;
				CLANG_WARN_INFINITE_RECURSION = YES;
				CLANG_WARN_INT_CONVERSION = YES;
				CLANG_WARN_NON_LITERAL_NULL_CONVERSION = YES;
				CLANG_WARN_OBJC_IMPLICIT_RETAIN_SELF = YES;
				CLANG_WARN_OBJC_LITERAL_CONVERSION = YES;
				CLANG_WARN_OBJC_ROOT_CLASS = YES_ERROR;
				CLANG_WARN_RANGE_LOOP_ANALYSIS = YES;
				CLANG_WARN_STRICT_PROTOTYPES = YES;
				CLANG_WARN_SUSPICIOUS_MOVE = YES;
				CLANG_WARN_UNGUARDED_AVAILABILITY = YES_AGGRESSIVE;
				CLANG_WARN_UNREACHABLE_CODE = YES;
				CLANG_WARN__DUPLICATE_METHOD_MATCH = YES;
				COPY_PHASE_STRIP = NO;
				DEBUG_INFORMATION_FORMAT = dwarf;
				ENABLE_STRICT_OBJC_MSGSEND = YES;
				ENABLE_TESTABILITY = YES;
				GCC_C_LANGUAGE_STANDARD = gnu11;
				GCC_DYNAMIC_NO_PIC = NO;
				GCC_NO_COMMON_BLOCKS = YES;
				GCC_OPTIMIZATION_LEVEL = 0;
				GCC_PREPROCESSOR_DEFINITIONS = (
					"DEBUG=1",
					"$(inherited)",
				);
				GCC_WARN_64_TO_32_BIT_CONVERSION = YES;
				GCC_WARN_ABOUT_RETURN_TYPE = YES_ERROR;
				GCC_WARN_UNDECLARED_SELECTOR = YES;
				GCC_WARN_UNINITIALIZED_AUTOS = YES_AGGRESSIVE;
				GCC_WARN_UNUSED_FUNCTION = YES;
				GCC_WARN_UNUSED_VARIABLE = YES;
				MTL_ENABLE_DEBUG_INFO = INCLUDE_SOURCE;
				MTL_FAST_MATH = YES;
				ONLY_ACTIVE_ARCH = YES;
				SDKROOT = iphoneos;
				SWIFT_ACTIVE_COMPILATION_CONDITIONS = DEBUG;
				SWIFT_OPTIMIZATION_LEVEL = "-Onone";
			};
			name = Debug;
		};
		D0B1569523520B5000EF5FD1 /* Release */ = {
			isa = XCBuildConfiguration;
			buildSettings = {
				ALWAYS_SEARCH_USER_PATHS = NO;
				CLANG_ANALYZER_NONNULL = YES;
				CLANG_ANALYZER_NUMBER_OBJECT_CONVERSION = YES_AGGRESSIVE;
				CLANG_CXX_LANGUAGE_STANDARD = "gnu++14";
				CLANG_CXX_LIBRARY = "libc++";
				CLANG_ENABLE_MODULES = YES;
				CLANG_ENABLE_OBJC_ARC = YES;
				CLANG_ENABLE_OBJC_WEAK = YES;
				CLANG_WARN_BLOCK_CAPTURE_AUTORELEASING = YES;
				CLANG_WARN_BOOL_CONVERSION = YES;
				CLANG_WARN_COMMA = YES;
				CLANG_WARN_CONSTANT_CONVERSION = YES;
				CLANG_WARN_DEPRECATED_OBJC_IMPLEMENTATIONS = YES;
				CLANG_WARN_DIRECT_OBJC_ISA_USAGE = YES_ERROR;
				CLANG_WARN_DOCUMENTATION_COMMENTS = YES;
				CLANG_WARN_EMPTY_BODY = YES;
				CLANG_WARN_ENUM_CONVERSION = YES;
				CLANG_WARN_INFINITE_RECURSION = YES;
				CLANG_WARN_INT_CONVERSION = YES;
				CLANG_WARN_NON_LITERAL_NULL_CONVERSION = YES;
				CLANG_WARN_OBJC_IMPLICIT_RETAIN_SELF = YES;
				CLANG_WARN_OBJC_LITERAL_CONVERSION = YES;
				CLANG_WARN_OBJC_ROOT_CLASS = YES_ERROR;
				CLANG_WARN_RANGE_LOOP_ANALYSIS = YES;
				CLANG_WARN_STRICT_PROTOTYPES = YES;
				CLANG_WARN_SUSPICIOUS_MOVE = YES;
				CLANG_WARN_UNGUARDED_AVAILABILITY = YES_AGGRESSIVE;
				CLANG_WARN_UNREACHABLE_CODE = YES;
				CLANG_WARN__DUPLICATE_METHOD_MATCH = YES;
				COPY_PHASE_STRIP = NO;
				DEBUG_INFORMATION_FORMAT = "dwarf-with-dsym";
				ENABLE_NS_ASSERTIONS = NO;
				ENABLE_STRICT_OBJC_MSGSEND = YES;
				GCC_C_LANGUAGE_STANDARD = gnu11;
				GCC_NO_COMMON_BLOCKS = YES;
				GCC_WARN_64_TO_32_BIT_CONVERSION = YES;
				GCC_WARN_ABOUT_RETURN_TYPE = YES_ERROR;
				GCC_WARN_UNDECLARED_SELECTOR = YES;
				GCC_WARN_UNINITIALIZED_AUTOS = YES_AGGRESSIVE;
				GCC_WARN_UNUSED_FUNCTION = YES;
				GCC_WARN_UNUSED_VARIABLE = YES;
				MTL_ENABLE_DEBUG_INFO = NO;
				MTL_FAST_MATH = YES;
				SDKROOT = iphoneos;
				SWIFT_COMPILATION_MODE = wholemodule;
				SWIFT_OPTIMIZATION_LEVEL = "-O";
				VALIDATE_PRODUCT = YES;
			};
			name = Release;
		};
		D0B1569723520B5000EF5FD1 /* Debug */ = {
			isa = XCBuildConfiguration;
			buildSettings = {
				ASSETCATALOG_COMPILER_COMPLICATION_NAME = Complication;
				CODE_SIGN_STYLE = Automatic;
				CURRENT_PROJECT_VERSION = 6;
				DEVELOPMENT_ASSET_PATHS = "\"MonthDate WatchKit Extension/Preview Content\"";
				DEVELOPMENT_TEAM = 562HEMPPEX;
				ENABLE_PREVIEWS = YES;
				INFOPLIST_FILE = "MonthDate WatchKit Extension/Info.plist";
				LD_RUNPATH_SEARCH_PATHS = (
					"$(inherited)",
					"@executable_path/Frameworks",
					"@executable_path/../../Frameworks",
				);
				PRODUCT_BUNDLE_IDENTIFIER = com.justinjallen.MonthDate.watchkitapp.watchkitextension;
				PRODUCT_NAME = "${TARGET_NAME}";
				SDKROOT = watchos;
				SKIP_INSTALL = YES;
				SWIFT_VERSION = 5.0;
				TARGETED_DEVICE_FAMILY = 4;
				WATCHOS_DEPLOYMENT_TARGET = 6.0;
			};
			name = Debug;
		};
		D0B1569823520B5000EF5FD1 /* Release */ = {
			isa = XCBuildConfiguration;
			buildSettings = {
				ASSETCATALOG_COMPILER_COMPLICATION_NAME = Complication;
				CODE_SIGN_STYLE = Automatic;
				CURRENT_PROJECT_VERSION = 6;
				DEVELOPMENT_ASSET_PATHS = "\"MonthDate WatchKit Extension/Preview Content\"";
				DEVELOPMENT_TEAM = 562HEMPPEX;
				ENABLE_PREVIEWS = YES;
				INFOPLIST_FILE = "MonthDate WatchKit Extension/Info.plist";
				LD_RUNPATH_SEARCH_PATHS = (
					"$(inherited)",
					"@executable_path/Frameworks",
					"@executable_path/../../Frameworks",
				);
				PRODUCT_BUNDLE_IDENTIFIER = com.justinjallen.MonthDate.watchkitapp.watchkitextension;
				PRODUCT_NAME = "${TARGET_NAME}";
				SDKROOT = watchos;
				SKIP_INSTALL = YES;
				SWIFT_VERSION = 5.0;
				TARGETED_DEVICE_FAMILY = 4;
				WATCHOS_DEPLOYMENT_TARGET = 6.0;
			};
			name = Release;
		};
		D0B1569B23520B5000EF5FD1 /* Debug */ = {
			isa = XCBuildConfiguration;
			buildSettings = {
				ALWAYS_EMBED_SWIFT_STANDARD_LIBRARIES = YES;
				ASSETCATALOG_COMPILER_APPICON_NAME = AppIcon;
				CODE_SIGN_STYLE = Automatic;
				CURRENT_PROJECT_VERSION = 6;
				DEVELOPMENT_TEAM = 562HEMPPEX;
				IBSC_MODULE = MonthDate_WatchKit_Extension;
				INFOPLIST_FILE = "MonthDate WatchKit App/Info.plist";
				PRODUCT_BUNDLE_IDENTIFIER = com.justinjallen.MonthDate.watchkitapp;
				PRODUCT_NAME = "$(TARGET_NAME)";
				SDKROOT = watchos;
				SKIP_INSTALL = YES;
				SWIFT_VERSION = 5.0;
				TARGETED_DEVICE_FAMILY = 4;
				WATCHOS_DEPLOYMENT_TARGET = 6.0;
			};
			name = Debug;
		};
		D0B1569C23520B5000EF5FD1 /* Release */ = {
			isa = XCBuildConfiguration;
			buildSettings = {
				ALWAYS_EMBED_SWIFT_STANDARD_LIBRARIES = YES;
				ASSETCATALOG_COMPILER_APPICON_NAME = AppIcon;
				CODE_SIGN_STYLE = Automatic;
				CURRENT_PROJECT_VERSION = 6;
				DEVELOPMENT_TEAM = 562HEMPPEX;
				IBSC_MODULE = MonthDate_WatchKit_Extension;
				INFOPLIST_FILE = "MonthDate WatchKit App/Info.plist";
				PRODUCT_BUNDLE_IDENTIFIER = com.justinjallen.MonthDate.watchkitapp;
				PRODUCT_NAME = "$(TARGET_NAME)";
				SDKROOT = watchos;
				SKIP_INSTALL = YES;
				SWIFT_VERSION = 5.0;
				TARGETED_DEVICE_FAMILY = 4;
				WATCHOS_DEPLOYMENT_TARGET = 6.0;
			};
			name = Release;
		};
		D0B1569F23520B5000EF5FD1 /* Debug */ = {
			isa = XCBuildConfiguration;
			buildSettings = {
				CODE_SIGN_STYLE = Automatic;
				CURRENT_PROJECT_VERSION = 6;
				DEVELOPMENT_TEAM = 562HEMPPEX;
				MARKETING_VERSION = 1.0;
				PRODUCT_BUNDLE_IDENTIFIER = com.justinjallen.MonthDate;
				PRODUCT_NAME = "$(TARGET_NAME)";
				SWIFT_VERSION = 5.0;
			};
			name = Debug;
		};
		D0B156A023520B5000EF5FD1 /* Release */ = {
			isa = XCBuildConfiguration;
			buildSettings = {
				CODE_SIGN_STYLE = Automatic;
				CURRENT_PROJECT_VERSION = 6;
				DEVELOPMENT_TEAM = 562HEMPPEX;
				MARKETING_VERSION = 1.0;
				PRODUCT_BUNDLE_IDENTIFIER = com.justinjallen.MonthDate;
				PRODUCT_NAME = "$(TARGET_NAME)";
				SWIFT_VERSION = 5.0;
			};
			name = Release;
		};
/* End XCBuildConfiguration section */

/* Begin XCConfigurationList section */
		D0B1566B23520B4E00EF5FD1 /* Build configuration list for PBXProject "MonthDate" */ = {
			isa = XCConfigurationList;
			buildConfigurations = (
				D0B1569423520B5000EF5FD1 /* Debug */,
				D0B1569523520B5000EF5FD1 /* Release */,
			);
			defaultConfigurationIsVisible = 0;
			defaultConfigurationName = Release;
		};
		D0B1569623520B5000EF5FD1 /* Build configuration list for PBXNativeTarget "MonthDate WatchKit Extension" */ = {
			isa = XCConfigurationList;
			buildConfigurations = (
				D0B1569723520B5000EF5FD1 /* Debug */,
				D0B1569823520B5000EF5FD1 /* Release */,
			);
			defaultConfigurationIsVisible = 0;
			defaultConfigurationName = Release;
		};
		D0B1569A23520B5000EF5FD1 /* Build configuration list for PBXNativeTarget "MonthDate WatchKit App" */ = {
			isa = XCConfigurationList;
			buildConfigurations = (
				D0B1569B23520B5000EF5FD1 /* Debug */,
				D0B1569C23520B5000EF5FD1 /* Release */,
			);
			defaultConfigurationIsVisible = 0;
			defaultConfigurationName = Release;
		};
		D0B1569E23520B5000EF5FD1 /* Build configuration list for PBXNativeTarget "MonthDate" */ = {
			isa = XCConfigurationList;
			buildConfigurations = (
				D0B1569F23520B5000EF5FD1 /* Debug */,
				D0B156A023520B5000EF5FD1 /* Release */,
			);
			defaultConfigurationIsVisible = 0;
			defaultConfigurationName = Release;
		};
/* End XCConfigurationList section */
	};
	rootObject = D0B1566823520B4E00EF5FD1 /* Project object */;
}
